
Microsoft Visual Studio Solution File, Format Version 12.00
# Visual Studio Version 16
VisualStudioVersion = 16.0.31605.320
MinimumVisualStudioVersion = 10.0.40219.1
Project("{FAE04EC0-301F-11D3-BF4B-00C04F79EFBC}") = "lab1", "lab1\lab1.csproj", "{0BEB5E4F-6068-4302-B153-7E03238F3225}"
EndProject
Global
	GlobalSection(SolutionConfigurationPlatforms) = preSolution
		Debug|Any CPU = Debug|Any CPU
		Release|Any CPU = Release|Any CPU
	EndGlobalSection
	GlobalSection(ProjectConfigurationPlatforms) = postSolution
		{0BEB5E4F-6068-4302-B153-7E03238F3225}.Debug|Any CPU.ActiveCfg = Debug|Any CPU
		{0BEB5E4F-6068-4302-B153-7E03238F3225}.Debug|Any CPU.Build.0 = Debug|Any CPU
		{0BEB5E4F-6068-4302-B153-7E03238F3225}.Release|Any CPU.ActiveCfg = Release|Any CPU
		{0BEB5E4F-6068-4302-B153-7E03238F3225}.Release|Any CPU.Build.0 = Release|Any CPU
	EndGlobalSection
	GlobalSection(SolutionProperties) = preSolution
		HideSolutionNode = FALSE
	EndGlobalSection
	GlobalSection(ExtensibilityGlobals) = postSolution
		SolutionGuid = {3D2BD8DC-032B-4099-9E63-43E57A2A9DD6}
	EndGlobalSection
EndGlobal
